
Microsoft Visual Studio Solution File, Format Version 12.00
# Visual Studio Version 16
VisualStudioVersion = 16.0.29318.209
MinimumVisualStudioVersion = 10.0.40219.1
Project("{00D1A9C2-B5F0-4AF3-8072-F6C62B433612}") = "EMSDB", "EMSDB\EMSDB.sqlproj", "{5E0B8F13-83B3-4577-82FB-9B31C44A3861}"
EndProject
Global
	GlobalSection(SolutionConfigurationPlatforms) = preSolution
		Debug|Any CPU = Debug|Any CPU
		Release|Any CPU = Release|Any CPU
	EndGlobalSection
	GlobalSection(ProjectConfigurationPlatforms) = postSolution
		{5E0B8F13-83B3-4577-82FB-9B31C44A3861}.Debug|Any CPU.ActiveCfg = Debug|Any CPU
		{5E0B8F13-83B3-4577-82FB-9B31C44A3861}.Debug|Any CPU.Build.0 = Debug|Any CPU
		{5E0B8F13-83B3-4577-82FB-9B31C44A3861}.Debug|Any CPU.Deploy.0 = Debug|Any CPU
		{5E0B8F13-83B3-4577-82FB-9B31C44A3861}.Release|Any CPU.ActiveCfg = Release|Any CPU
		{5E0B8F13-83B3-4577-82FB-9B31C44A3861}.Release|Any CPU.Build.0 = Release|Any CPU
		{5E0B8F13-83B3-4577-82FB-9B31C44A3861}.Release|Any CPU.Deploy.0 = Release|Any CPU
	EndGlobalSection
	GlobalSection(SolutionProperties) = preSolution
		HideSolutionNode = FALSE
	EndGlobalSection
	GlobalSection(ExtensibilityGlobals) = postSolution
		SolutionGuid = {DACFC1BC-F911-4113-9518-50AA147E23DE}
	EndGlobalSection
EndGlobal
